// !$*UTF8*$!
{
	archiveVersion = 1;
	classes = {
	};
	objectVersion = 54;
	objects = {

/* Begin PBXBuildFile section */
		DC3A287C27F4A9BB00039262 /* SDWebImage in Frameworks */ = {isa = PBXBuildFile; productRef = DC3A287B27F4A9BB00039262 /* SDWebImage */; };
		DC3A28A827F5B14E00039262 /* BaustelleLiveTVApp.swift in Sources */ = {isa = PBXBuildFile; fileRef = DC3A28A727F5B14E00039262 /* BaustelleLiveTVApp.swift */; };
		DC3A28AA27F5B14E00039262 /* ContentView.swift in Sources */ = {isa = PBXBuildFile; fileRef = DC3A28A927F5B14E00039262 /* ContentView.swift */; };
		DC3A28AC27F5B15000039262 /* Assets.xcassets in Resources */ = {isa = PBXBuildFile; fileRef = DC3A28AB27F5B15000039262 /* Assets.xcassets */; };
		DC3A28AF27F5B15000039262 /* Preview Assets.xcassets in Resources */ = {isa = PBXBuildFile; fileRef = DC3A28AE27F5B15000039262 /* Preview Assets.xcassets */; };
		DC3A28B327FCDE2F00039262 /* BaustelleLiveApi.swift in Sources */ = {isa = PBXBuildFile; fileRef = DC5D9BEE26D40C1D00ED1427 /* BaustelleLiveApi.swift */; };
		DC3A28B727FCDE9800039262 /* SwiftUIX in Frameworks */ = {isa = PBXBuildFile; productRef = DC3A28B627FCDE9800039262 /* SwiftUIX */; };
		DC3A28B927FCDFE700039262 /* SDWebImage in Frameworks */ = {isa = PBXBuildFile; productRef = DC3A28B827FCDFE700039262 /* SDWebImage */; };
		DC3A28BB27FCDFF100039262 /* DynamicColor in Frameworks */ = {isa = PBXBuildFile; productRef = DC3A28BA27FCDFF100039262 /* DynamicColor */; };
		DC4529DE295FA24C0089B291 /* VideoTab.swift in Sources */ = {isa = PBXBuildFile; fileRef = DC4529DD295FA24C0089B291 /* VideoTab.swift */; };
		DC4529E2295FA9100089B291 /* VideoTile.swift in Sources */ = {isa = PBXBuildFile; fileRef = DC4529E1295FA9100089B291 /* VideoTile.swift */; };
		DC4529E3295FA99C0089B291 /* Category.swift in Sources */ = {isa = PBXBuildFile; fileRef = DC64388F26D7D63700266A1F /* Category.swift */; };
		DC5B47542A694FE000C68B04 /* LocationViewModel.swift in Sources */ = {isa = PBXBuildFile; fileRef = DC5B47512A69428D00C68B04 /* LocationViewModel.swift */; };
		DC5D9BEF26D40C1D00ED1427 /* BaustelleLiveApi.swift in Sources */ = {isa = PBXBuildFile; fileRef = DC5D9BEE26D40C1D00ED1427 /* BaustelleLiveApi.swift */; };
		DC64389026D7D63700266A1F /* Category.swift in Sources */ = {isa = PBXBuildFile; fileRef = DC64388F26D7D63700266A1F /* Category.swift */; };
		DC64389326D7E27300266A1F /* DynamicColor in Frameworks */ = {isa = PBXBuildFile; productRef = DC64389226D7E27300266A1F /* DynamicColor */; };
		DC829B5126CC2869000E446E /* BaustelleLiveApp.swift in Sources */ = {isa = PBXBuildFile; fileRef = DC829B5026CC2869000E446E /* BaustelleLiveApp.swift */; };
		DC829B5326CC2869000E446E /* ContentView.swift in Sources */ = {isa = PBXBuildFile; fileRef = DC829B5226CC2869000E446E /* ContentView.swift */; };
		DC829B5526CC286B000E446E /* Assets.xcassets in Resources */ = {isa = PBXBuildFile; fileRef = DC829B5426CC286B000E446E /* Assets.xcassets */; };
		DC829B5826CC286B000E446E /* Preview Assets.xcassets in Resources */ = {isa = PBXBuildFile; fileRef = DC829B5726CC286B000E446E /* Preview Assets.xcassets */; };
		DC8A4B3227D4AFC900A4FF9F /* SettingsView.swift in Sources */ = {isa = PBXBuildFile; fileRef = DC8A4B3127D4AFC900A4FF9F /* SettingsView.swift */; };
		DC8C936027F35D7400AAF4D4 /* SwiftUIX in Frameworks */ = {isa = PBXBuildFile; productRef = DC8C935F27F35D7400AAF4D4 /* SwiftUIX */; };
		DC9A9EF828A82D6E00013425 /* SettingsTab.swift in Sources */ = {isa = PBXBuildFile; fileRef = DC9A9EF728A82D6E00013425 /* SettingsTab.swift */; };
		DC9A9EFA28A96B8C00013425 /* ImageTabs.swift in Sources */ = {isa = PBXBuildFile; fileRef = DC9A9EF928A96B8C00013425 /* ImageTabs.swift */; };
		DC9A9EFC28A973E700013425 /* Compass.swift in Sources */ = {isa = PBXBuildFile; fileRef = DC9A9EFB28A973E700013425 /* Compass.swift */; };
		DC9A9EFD28A98DBF00013425 /* QuickLookView.swift in Sources */ = {isa = PBXBuildFile; fileRef = DC3A287627F39C0600039262 /* QuickLookView.swift */; };
		DCB36EDA279ACDF20062D846 /* response.example.json in Resources */ = {isa = PBXBuildFile; fileRef = DCB36ED9279ACDF20062D846 /* response.example.json */; };
		DCB36EDC279AD7F60062D846 /* PreviewApiResponses.swift in Sources */ = {isa = PBXBuildFile; fileRef = DCB36EDB279AD7F50062D846 /* PreviewApiResponses.swift */; };
		DCB36EDE279AD90E0062D846 /* helpers.swift in Sources */ = {isa = PBXBuildFile; fileRef = DCB36EDD279AD90E0062D846 /* helpers.swift */; };
		DCC2899426D7C2EC00281E50 /* VideoItem.swift in Sources */ = {isa = PBXBuildFile; fileRef = DCC2899326D7C2EC00281E50 /* VideoItem.swift */; };
		DCD82A8526D3D50100FCE6B8 /* LocationView.swift in Sources */ = {isa = PBXBuildFile; fileRef = DCD82A8426D3D50100FCE6B8 /* LocationView.swift */; };
/* End PBXBuildFile section */

/* Begin PBXFileReference section */
		DC3A287627F39C0600039262 /* QuickLookView.swift */ = {isa = PBXFileReference; lastKnownFileType = sourcecode.swift; path = QuickLookView.swift; sourceTree = "<group>"; };
		DC3A287827F3C04700039262 /* README.md */ = {isa = PBXFileReference; lastKnownFileType = net.daringfireball.markdown; path = README.md; sourceTree = "<group>"; };
		DC3A28A527F5B14E00039262 /* baustelle.live TV.app */ = {isa = PBXFileReference; explicitFileType = wrapper.application; includeInIndex = 0; path = "baustelle.live TV.app"; sourceTree = BUILT_PRODUCTS_DIR; };
		DC3A28A727F5B14E00039262 /* BaustelleLiveTVApp.swift */ = {isa = PBXFileReference; lastKnownFileType = sourcecode.swift; path = BaustelleLiveTVApp.swift; sourceTree = "<group>"; };
		DC3A28A927F5B14E00039262 /* ContentView.swift */ = {isa = PBXFileReference; lastKnownFileType = sourcecode.swift; path = ContentView.swift; sourceTree = "<group>"; };
		DC3A28AB27F5B15000039262 /* Assets.xcassets */ = {isa = PBXFileReference; lastKnownFileType = folder.assetcatalog; path = Assets.xcassets; sourceTree = "<group>"; };
		DC3A28AE27F5B15000039262 /* Preview Assets.xcassets */ = {isa = PBXFileReference; lastKnownFileType = folder.assetcatalog; path = "Preview Assets.xcassets"; sourceTree = "<group>"; };
		DC4529DD295FA24C0089B291 /* VideoTab.swift */ = {isa = PBXFileReference; lastKnownFileType = sourcecode.swift; path = VideoTab.swift; sourceTree = "<group>"; };
		DC4529E1295FA9100089B291 /* VideoTile.swift */ = {isa = PBXFileReference; lastKnownFileType = sourcecode.swift; path = VideoTile.swift; sourceTree = "<group>"; };
		DC5B47512A69428D00C68B04 /* LocationViewModel.swift */ = {isa = PBXFileReference; lastKnownFileType = sourcecode.swift; path = LocationViewModel.swift; sourceTree = "<group>"; };
		DC5D9BEE26D40C1D00ED1427 /* BaustelleLiveApi.swift */ = {isa = PBXFileReference; lastKnownFileType = sourcecode.swift; path = BaustelleLiveApi.swift; sourceTree = "<group>"; };
		DC64388F26D7D63700266A1F /* Category.swift */ = {isa = PBXFileReference; lastKnownFileType = sourcecode.swift; path = Category.swift; sourceTree = "<group>"; };
		DC829B4D26CC2869000E446E /* BaustelleLive.app */ = {isa = PBXFileReference; explicitFileType = wrapper.application; includeInIndex = 0; path = BaustelleLive.app; sourceTree = BUILT_PRODUCTS_DIR; };
		DC829B5026CC2869000E446E /* BaustelleLiveApp.swift */ = {isa = PBXFileReference; lastKnownFileType = sourcecode.swift; path = BaustelleLiveApp.swift; sourceTree = "<group>"; };
		DC829B5226CC2869000E446E /* ContentView.swift */ = {isa = PBXFileReference; lastKnownFileType = sourcecode.swift; path = ContentView.swift; sourceTree = "<group>"; };
		DC829B5426CC286B000E446E /* Assets.xcassets */ = {isa = PBXFileReference; lastKnownFileType = folder.assetcatalog; path = Assets.xcassets; sourceTree = "<group>"; };
		DC829B5726CC286B000E446E /* Preview Assets.xcassets */ = {isa = PBXFileReference; lastKnownFileType = folder.assetcatalog; path = "Preview Assets.xcassets"; sourceTree = "<group>"; };
		DC829B5926CC286B000E446E /* Info.plist */ = {isa = PBXFileReference; lastKnownFileType = text.plist.xml; path = Info.plist; sourceTree = "<group>"; };
		DC8A4B3127D4AFC900A4FF9F /* SettingsView.swift */ = {isa = PBXFileReference; lastKnownFileType = sourcecode.swift; path = SettingsView.swift; sourceTree = "<group>"; };
		DC9A9EF728A82D6E00013425 /* SettingsTab.swift */ = {isa = PBXFileReference; lastKnownFileType = sourcecode.swift; path = SettingsTab.swift; sourceTree = "<group>"; };
		DC9A9EF928A96B8C00013425 /* ImageTabs.swift */ = {isa = PBXFileReference; lastKnownFileType = sourcecode.swift; path = ImageTabs.swift; sourceTree = "<group>"; };
		DC9A9EFB28A973E700013425 /* Compass.swift */ = {isa = PBXFileReference; lastKnownFileType = sourcecode.swift; path = Compass.swift; sourceTree = "<group>"; };
		DCB36ED9279ACDF20062D846 /* response.example.json */ = {isa = PBXFileReference; lastKnownFileType = text.json; path = response.example.json; sourceTree = "<group>"; };
		DCB36EDB279AD7F50062D846 /* PreviewApiResponses.swift */ = {isa = PBXFileReference; lastKnownFileType = sourcecode.swift; path = PreviewApiResponses.swift; sourceTree = "<group>"; };
		DCB36EDD279AD90E0062D846 /* helpers.swift */ = {isa = PBXFileReference; lastKnownFileType = sourcecode.swift; path = helpers.swift; sourceTree = "<group>"; };
		DCC2899326D7C2EC00281E50 /* VideoItem.swift */ = {isa = PBXFileReference; lastKnownFileType = sourcecode.swift; path = VideoItem.swift; sourceTree = "<group>"; };
		DCD82A8426D3D50100FCE6B8 /* LocationView.swift */ = {isa = PBXFileReference; lastKnownFileType = sourcecode.swift; path = LocationView.swift; sourceTree = "<group>"; };
/* End PBXFileReference section */

/* Begin PBXFrameworksBuildPhase section */
		DC3A28A227F5B14E00039262 /* Frameworks */ = {
			isa = PBXFrameworksBuildPhase;
			buildActionMask = 2147483647;
			files = (
				DC3A28B927FCDFE700039262 /* SDWebImage in Frameworks */,
				DC3A28BB27FCDFF100039262 /* DynamicColor in Frameworks */,
				DC3A28B727FCDE9800039262 /* SwiftUIX in Frameworks */,
			);
			runOnlyForDeploymentPostprocessing = 0;
		};
		DC829B4A26CC2869000E446E /* Frameworks */ = {
			isa = PBXFrameworksBuildPhase;
			buildActionMask = 2147483647;
			files = (
				DC64389326D7E27300266A1F /* DynamicColor in Frameworks */,
				DC3A287C27F4A9BB00039262 /* SDWebImage in Frameworks */,
				DC8C936027F35D7400AAF4D4 /* SwiftUIX in Frameworks */,
			);
			runOnlyForDeploymentPostprocessing = 0;
		};
/* End PBXFrameworksBuildPhase section */

/* Begin PBXGroup section */
		DC3A28A627F5B14E00039262 /* BaustelleLiveTV */ = {
			isa = PBXGroup;
			children = (
				DC3A28A727F5B14E00039262 /* BaustelleLiveTVApp.swift */,
				DC3A28A927F5B14E00039262 /* ContentView.swift */,
				DC9A9EF928A96B8C00013425 /* ImageTabs.swift */,
				DC9A9EF728A82D6E00013425 /* SettingsTab.swift */,
				DC4529DD295FA24C0089B291 /* VideoTab.swift */,
				DC3A28AB27F5B15000039262 /* Assets.xcassets */,
				DC3A28AD27F5B15000039262 /* Preview Content */,
				DC9A9EFB28A973E700013425 /* Compass.swift */,
				DC4529E1295FA9100089B291 /* VideoTile.swift */,
			);
			path = BaustelleLiveTV;
			sourceTree = "<group>";
		};
		DC3A28AD27F5B15000039262 /* Preview Content */ = {
			isa = PBXGroup;
			children = (
				DC3A28AE27F5B15000039262 /* Preview Assets.xcassets */,
			);
			path = "Preview Content";
			sourceTree = "<group>";
		};
		DC3A28B527FCDE9800039262 /* Frameworks */ = {
			isa = PBXGroup;
			children = (
			);
			name = Frameworks;
			sourceTree = "<group>";
		};
		DC5B47532A69429000C68B04 /* Models */ = {
			isa = PBXGroup;
			children = (
				DC5B47512A69428D00C68B04 /* LocationViewModel.swift */,
			);
			path = Models;
			sourceTree = "<group>";
		};
		DC829B4426CC2869000E446E = {
			isa = PBXGroup;
			children = (
				DC3A287827F3C04700039262 /* README.md */,
				DC829B4F26CC2869000E446E /* BaustelleLive */,
				DC3A28A627F5B14E00039262 /* BaustelleLiveTV */,
				DC829B4E26CC2869000E446E /* Products */,
				DC3A28B527FCDE9800039262 /* Frameworks */,
			);
			sourceTree = "<group>";
		};
		DC829B4E26CC2869000E446E /* Products */ = {
			isa = PBXGroup;
			children = (
				DC829B4D26CC2869000E446E /* BaustelleLive.app */,
				DC3A28A527F5B14E00039262 /* baustelle.live TV.app */,
			);
			name = Products;
			sourceTree = "<group>";
		};
		DC829B4F26CC2869000E446E /* BaustelleLive */ = {
			isa = PBXGroup;
			children = (
				DC64388F26D7D63700266A1F /* Category.swift */,
				DC829B5026CC2869000E446E /* BaustelleLiveApp.swift */,
				DC829B5226CC2869000E446E /* ContentView.swift */,
				DC5D9BEE26D40C1D00ED1427 /* BaustelleLiveApi.swift */,
				DCD82A8426D3D50100FCE6B8 /* LocationView.swift */,
				DC829B5426CC286B000E446E /* Assets.xcassets */,
				DC829B5926CC286B000E446E /* Info.plist */,
				DC829B5626CC286B000E446E /* Preview Content */,
				DCC2899326D7C2EC00281E50 /* VideoItem.swift */,
				DC8A4B3127D4AFC900A4FF9F /* SettingsView.swift */,
				DC3A287627F39C0600039262 /* QuickLookView.swift */,
				DC5B47532A69429000C68B04 /* Models */,
			);
			path = BaustelleLive;
			sourceTree = "<group>";
		};
		DC829B5626CC286B000E446E /* Preview Content */ = {
			isa = PBXGroup;
			children = (
				DC829B5726CC286B000E446E /* Preview Assets.xcassets */,
				DCB36ED9279ACDF20062D846 /* response.example.json */,
				DCB36EDB279AD7F50062D846 /* PreviewApiResponses.swift */,
				DCB36EDD279AD90E0062D846 /* helpers.swift */,
			);
			path = "Preview Content";
			sourceTree = "<group>";
		};
/* End PBXGroup section */

/* Begin PBXNativeTarget section */
		DC3A28A427F5B14E00039262 /* BaustelleLiveTV */ = {
			isa = PBXNativeTarget;
			buildConfigurationList = DC3A28B227F5B15000039262 /* Build configuration list for PBXNativeTarget "BaustelleLiveTV" */;
			buildPhases = (
				DC3A28A127F5B14E00039262 /* Sources */,
				DC3A28A227F5B14E00039262 /* Frameworks */,
				DC3A28A327F5B14E00039262 /* Resources */,
			);
			buildRules = (
			);
			dependencies = (
			);
			name = BaustelleLiveTV;
			packageProductDependencies = (
				DC3A28B627FCDE9800039262 /* SwiftUIX */,
				DC3A28B827FCDFE700039262 /* SDWebImage */,
				DC3A28BA27FCDFF100039262 /* DynamicColor */,
			);
			productName = BaustelleLiveTV;
			productReference = DC3A28A527F5B14E00039262 /* baustelle.live TV.app */;
			productType = "com.apple.product-type.application";
		};
		DC829B4C26CC2869000E446E /* BaustelleLive */ = {
			isa = PBXNativeTarget;
			buildConfigurationList = DC829B5C26CC286B000E446E /* Build configuration list for PBXNativeTarget "BaustelleLive" */;
			buildPhases = (
				DC829B4926CC2869000E446E /* Sources */,
				DC829B4A26CC2869000E446E /* Frameworks */,
				DC829B4B26CC2869000E446E /* Resources */,
				DC3A287927F3C8C300039262 /* FIXME / TODO */,
			);
			buildRules = (
			);
			dependencies = (
			);
			name = BaustelleLive;
			packageProductDependencies = (
				DC64389226D7E27300266A1F /* DynamicColor */,
				DC8C935F27F35D7400AAF4D4 /* SwiftUIX */,
				DC3A287B27F4A9BB00039262 /* SDWebImage */,
			);
			productName = BaustelleLive;
			productReference = DC829B4D26CC2869000E446E /* BaustelleLive.app */;
			productType = "com.apple.product-type.application";
		};
/* End PBXNativeTarget section */

/* Begin PBXProject section */
		DC829B4526CC2869000E446E /* Project object */ = {
			isa = PBXProject;
			attributes = {
				LastSwiftUpdateCheck = 1330;
				LastUpgradeCheck = 1250;
				TargetAttributes = {
					DC3A28A427F5B14E00039262 = {
						CreatedOnToolsVersion = 13.3;
					};
					DC829B4C26CC2869000E446E = {
						CreatedOnToolsVersion = 12.5.1;
					};
				};
			};
			buildConfigurationList = DC829B4826CC2869000E446E /* Build configuration list for PBXProject "BaustelleLive" */;
			compatibilityVersion = "Xcode 9.3";
			developmentRegion = de;
			hasScannedForEncodings = 0;
			knownRegions = (
				de,
				Base,
			);
			mainGroup = DC829B4426CC2869000E446E;
			packageReferences = (
				DC64389126D7E27300266A1F /* XCRemoteSwiftPackageReference "DynamicColor" */,
				DC8C935E27F35D7400AAF4D4 /* XCRemoteSwiftPackageReference "SwiftUIX" */,
				DC3A287A27F4A9BB00039262 /* XCRemoteSwiftPackageReference "SDWebImage" */,
			);
			productRefGroup = DC829B4E26CC2869000E446E /* Products */;
			projectDirPath = "";
			projectRoot = "";
			targets = (
				DC829B4C26CC2869000E446E /* BaustelleLive */,
				DC3A28A427F5B14E00039262 /* BaustelleLiveTV */,
			);
		};
/* End PBXProject section */

/* Begin PBXResourcesBuildPhase section */
		DC3A28A327F5B14E00039262 /* Resources */ = {
			isa = PBXResourcesBuildPhase;
			buildActionMask = 2147483647;
			files = (
				DC3A28AF27F5B15000039262 /* Preview Assets.xcassets in Resources */,
				DC3A28AC27F5B15000039262 /* Assets.xcassets in Resources */,
			);
			runOnlyForDeploymentPostprocessing = 0;
		};
		DC829B4B26CC2869000E446E /* Resources */ = {
			isa = PBXResourcesBuildPhase;
			buildActionMask = 2147483647;
			files = (
				DC829B5826CC286B000E446E /* Preview Assets.xcassets in Resources */,
				DC829B5526CC286B000E446E /* Assets.xcassets in Resources */,
				DCB36EDA279ACDF20062D846 /* response.example.json in Resources */,
			);
			runOnlyForDeploymentPostprocessing = 0;
		};
/* End PBXResourcesBuildPhase section */

/* Begin PBXShellScriptBuildPhase section */
		DC3A287927F3C8C300039262 /* FIXME / TODO */ = {
			isa = PBXShellScriptBuildPhase;
			alwaysOutOfDate = 1;
			buildActionMask = 2147483647;
			files = (
			);
			inputFileListPaths = (
			);
			inputPaths = (
			);
			name = "FIXME / TODO";
			outputFileListPaths = (
			);
			outputPaths = (
			);
			runOnlyForDeploymentPostprocessing = 0;
			shellPath = /bin/sh;
			shellScript = "KEYWORDS=\"TODO:|FIXME:|HACK:|\\?\\?\\?:\\!\\!\\!:\"\nfind \"${SRCROOT}\" -not \\( -path \"**/Pods/*\" \\) \\( -name \"*.h\" -or -name \"*.m\" -or -name \"*.swift\" \\) -print0 | xargs -0 egrep --with-filename --line-number --only-matching \"($KEYWORDS).*\\$\" | perl -p -e \"s/($KEYWORDS)/ warning: \\$1/\"\n";
		};
/* End PBXShellScriptBuildPhase section */

/* Begin PBXSourcesBuildPhase section */
		DC3A28A127F5B14E00039262 /* Sources */ = {
			isa = PBXSourcesBuildPhase;
			buildActionMask = 2147483647;
			files = (
				DC9A9EF828A82D6E00013425 /* SettingsTab.swift in Sources */,
				DC3A28B327FCDE2F00039262 /* BaustelleLiveApi.swift in Sources */,
				DC9A9EFC28A973E700013425 /* Compass.swift in Sources */,
				DC4529DE295FA24C0089B291 /* VideoTab.swift in Sources */,
				DC9A9EFA28A96B8C00013425 /* ImageTabs.swift in Sources */,
				DC4529E3295FA99C0089B291 /* Category.swift in Sources */,
				DC3A28AA27F5B14E00039262 /* ContentView.swift in Sources */,
				DC3A28A827F5B14E00039262 /* BaustelleLiveTVApp.swift in Sources */,
				DC4529E2295FA9100089B291 /* VideoTile.swift in Sources */,
			);
			runOnlyForDeploymentPostprocessing = 0;
		};
		DC829B4926CC2869000E446E /* Sources */ = {
			isa = PBXSourcesBuildPhase;
			buildActionMask = 2147483647;
			files = (
				DCC2899426D7C2EC00281E50 /* VideoItem.swift in Sources */,
				DC5D9BEF26D40C1D00ED1427 /* BaustelleLiveApi.swift in Sources */,
				DC9A9EFD28A98DBF00013425 /* QuickLookView.swift in Sources */,
				DCB36EDC279AD7F60062D846 /* PreviewApiResponses.swift in Sources */,
				DC8A4B3227D4AFC900A4FF9F /* SettingsView.swift in Sources */,
				DC5B47542A694FE000C68B04 /* LocationViewModel.swift in Sources */,
				DCB36EDE279AD90E0062D846 /* helpers.swift in Sources */,
				DC829B5326CC2869000E446E /* ContentView.swift in Sources */,
				DCD82A8526D3D50100FCE6B8 /* LocationView.swift in Sources */,
				DC829B5126CC2869000E446E /* BaustelleLiveApp.swift in Sources */,
				DC64389026D7D63700266A1F /* Category.swift in Sources */,
			);
			runOnlyForDeploymentPostprocessing = 0;
		};
/* End PBXSourcesBuildPhase section */

/* Begin XCBuildConfiguration section */
		DC3A28B027F5B15000039262 /* Debug */ = {
			isa = XCBuildConfiguration;
			buildSettings = {
				ASSETCATALOG_COMPILER_APPICON_NAME = "App Icon & Top Shelf Image";
				ASSETCATALOG_COMPILER_GLOBAL_ACCENT_COLOR_NAME = AccentColor;
				CLANG_CXX_LANGUAGE_STANDARD = "gnu++17";
				CODE_SIGN_STYLE = Automatic;
				CURRENT_PROJECT_VERSION = 1;
				DEVELOPMENT_ASSET_PATHS = "\"BaustelleLiveTV/Preview Content\"";
				DEVELOPMENT_TEAM = 6BHAXG5GQ5;
				ENABLE_PREVIEWS = YES;
				GENERATE_INFOPLIST_FILE = YES;
				INFOPLIST_KEY_UILaunchScreen_Generation = YES;
				INFOPLIST_KEY_UIUserInterfaceStyle = Automatic;
				LD_RUNPATH_SEARCH_PATHS = (
					"$(inherited)",
					"@executable_path/Frameworks",
				);
				MARKETING_VERSION = 1.0;
				PRODUCT_BUNDLE_IDENTIFIER = is.demont.baustellelive;
				PRODUCT_NAME = "baustelle.live TV";
				SDKROOT = appletvos;
				SWIFT_EMIT_LOC_STRINGS = YES;
				SWIFT_VERSION = 5.0;
				TARGETED_DEVICE_FAMILY = 3;
				TVOS_DEPLOYMENT_TARGET = 16.0;
			};
			name = Debug;
		};
		DC3A28B127F5B15000039262 /* Release */ = {
			isa = XCBuildConfiguration;
			buildSettings = {
				ASSETCATALOG_COMPILER_APPICON_NAME = "App Icon & Top Shelf Image";
				ASSETCATALOG_COMPILER_GLOBAL_ACCENT_COLOR_NAME = AccentColor;
				CLANG_CXX_LANGUAGE_STANDARD = "gnu++17";
				CODE_SIGN_STYLE = Automatic;
				CURRENT_PROJECT_VERSION = 1;
				DEVELOPMENT_ASSET_PATHS = "\"BaustelleLiveTV/Preview Content\"";
				DEVELOPMENT_TEAM = 6BHAXG5GQ5;
				ENABLE_PREVIEWS = YES;
				GENERATE_INFOPLIST_FILE = YES;
				INFOPLIST_KEY_UILaunchScreen_Generation = YES;
				INFOPLIST_KEY_UIUserInterfaceStyle = Automatic;
				LD_RUNPATH_SEARCH_PATHS = (
					"$(inherited)",
					"@executable_path/Frameworks",
				);
				MARKETING_VERSION = 1.0;
				PRODUCT_BUNDLE_IDENTIFIER = is.demont.baustellelive;
				PRODUCT_NAME = "baustelle.live TV";
				SDKROOT = appletvos;
				SWIFT_EMIT_LOC_STRINGS = YES;
				SWIFT_VERSION = 5.0;
				TARGETED_DEVICE_FAMILY = 3;
				TVOS_DEPLOYMENT_TARGET = 16.0;
			};
			name = Release;
		};
		DC829B5A26CC286B000E446E /* Debug */ = {
			isa = XCBuildConfiguration;
			buildSettings = {
				ALWAYS_SEARCH_USER_PATHS = NO;
				CLANG_ANALYZER_NONNULL = YES;
				CLANG_ANALYZER_NUMBER_OBJECT_CONVERSION = YES_AGGRESSIVE;
				CLANG_CXX_LANGUAGE_STANDARD = "gnu++14";
				CLANG_CXX_LIBRARY = "libc++";
				CLANG_ENABLE_MODULES = YES;
				CLANG_ENABLE_OBJC_ARC = YES;
				CLANG_ENABLE_OBJC_WEAK = YES;
				CLANG_WARN_BLOCK_CAPTURE_AUTORELEASING = YES;
				CLANG_WARN_BOOL_CONVERSION = YES;
				CLANG_WARN_COMMA = YES;
				CLANG_WARN_CONSTANT_CONVERSION = YES;
				CLANG_WARN_DEPRECATED_OBJC_IMPLEMENTATIONS = YES;
				CLANG_WARN_DIRECT_OBJC_ISA_USAGE = YES_ERROR;
				CLANG_WARN_DOCUMENTATION_COMMENTS = YES;
				CLANG_WARN_EMPTY_BODY = YES;
				CLANG_WARN_ENUM_CONVERSION = YES;
				CLANG_WARN_INFINITE_RECURSION = YES;
				CLANG_WARN_INT_CONVERSION = YES;
				CLANG_WARN_NON_LITERAL_NULL_CONVERSION = YES;
				CLANG_WARN_OBJC_IMPLICIT_RETAIN_SELF = YES;
				CLANG_WARN_OBJC_LITERAL_CONVERSION = YES;
				CLANG_WARN_OBJC_ROOT_CLASS = YES_ERROR;
				CLANG_WARN_QUOTED_INCLUDE_IN_FRAMEWORK_HEADER = YES;
				CLANG_WARN_RANGE_LOOP_ANALYSIS = YES;
				CLANG_WARN_STRICT_PROTOTYPES = YES;
				CLANG_WARN_SUSPICIOUS_MOVE = YES;
				CLANG_WARN_UNGUARDED_AVAILABILITY = YES_AGGRESSIVE;
				CLANG_WARN_UNREACHABLE_CODE = YES;
				CLANG_WARN__DUPLICATE_METHOD_MATCH = YES;
				COPY_PHASE_STRIP = NO;
				DEBUG_INFORMATION_FORMAT = dwarf;
				ENABLE_STRICT_OBJC_MSGSEND = YES;
				ENABLE_TESTABILITY = YES;
				GCC_C_LANGUAGE_STANDARD = gnu11;
				GCC_DYNAMIC_NO_PIC = NO;
				GCC_NO_COMMON_BLOCKS = YES;
				GCC_OPTIMIZATION_LEVEL = 0;
				GCC_PREPROCESSOR_DEFINITIONS = (
					"DEBUG=1",
					"$(inherited)",
				);
				GCC_WARN_64_TO_32_BIT_CONVERSION = YES;
				GCC_WARN_ABOUT_RETURN_TYPE = YES_ERROR;
				GCC_WARN_UNDECLARED_SELECTOR = YES;
				GCC_WARN_UNINITIALIZED_AUTOS = YES_AGGRESSIVE;
				GCC_WARN_UNUSED_FUNCTION = YES;
				GCC_WARN_UNUSED_VARIABLE = YES;
				IPHONEOS_DEPLOYMENT_TARGET = 16.0;
				MTL_ENABLE_DEBUG_INFO = INCLUDE_SOURCE;
				MTL_FAST_MATH = YES;
				ONLY_ACTIVE_ARCH = YES;
				SDKROOT = iphoneos;
				SWIFT_ACTIVE_COMPILATION_CONDITIONS = DEBUG;
				SWIFT_OPTIMIZATION_LEVEL = "-Onone";
				TVOS_DEPLOYMENT_TARGET = 16.0;
			};
			name = Debug;
		};
		DC829B5B26CC286B000E446E /* Release */ = {
			isa = XCBuildConfiguration;
			buildSettings = {
				ALWAYS_SEARCH_USER_PATHS = NO;
				CLANG_ANALYZER_NONNULL = YES;
				CLANG_ANALYZER_NUMBER_OBJECT_CONVERSION = YES_AGGRESSIVE;
				CLANG_CXX_LANGUAGE_STANDARD = "gnu++14";
				CLANG_CXX_LIBRARY = "libc++";
				CLANG_ENABLE_MODULES = YES;
				CLANG_ENABLE_OBJC_ARC = YES;
				CLANG_ENABLE_OBJC_WEAK = YES;
				CLANG_WARN_BLOCK_CAPTURE_AUTORELEASING = YES;
				CLANG_WARN_BOOL_CONVERSION = YES;
				CLANG_WARN_COMMA = YES;
				CLANG_WARN_CONSTANT_CONVERSION = YES;
				CLANG_WARN_DEPRECATED_OBJC_IMPLEMENTATIONS = YES;
				CLANG_WARN_DIRECT_OBJC_ISA_USAGE = YES_ERROR;
				CLANG_WARN_DOCUMENTATION_COMMENTS = YES;
				CLANG_WARN_EMPTY_BODY = YES;
				CLANG_WARN_ENUM_CONVERSION = YES;
				CLANG_WARN_INFINITE_RECURSION = YES;
				CLANG_WARN_INT_CONVERSION = YES;
				CLANG_WARN_NON_LITERAL_NULL_CONVERSION = YES;
				CLANG_WARN_OBJC_IMPLICIT_RETAIN_SELF = YES;
				CLANG_WARN_OBJC_LITERAL_CONVERSION = YES;
				CLANG_WARN_OBJC_ROOT_CLASS = YES_ERROR;
				CLANG_WARN_QUOTED_INCLUDE_IN_FRAMEWORK_HEADER = YES;
				CLANG_WARN_RANGE_LOOP_ANALYSIS = YES;
				CLANG_WARN_STRICT_PROTOTYPES = YES;
				CLANG_WARN_SUSPICIOUS_MOVE = YES;
				CLANG_WARN_UNGUARDED_AVAILABILITY = YES_AGGRESSIVE;
				CLANG_WARN_UNREACHABLE_CODE = YES;
				CLANG_WARN__DUPLICATE_METHOD_MATCH = YES;
				COPY_PHASE_STRIP = NO;
				DEBUG_INFORMATION_FORMAT = "dwarf-with-dsym";
				ENABLE_NS_ASSERTIONS = NO;
				ENABLE_STRICT_OBJC_MSGSEND = YES;
				GCC_C_LANGUAGE_STANDARD = gnu11;
				GCC_NO_COMMON_BLOCKS = YES;
				GCC_WARN_64_TO_32_BIT_CONVERSION = YES;
				GCC_WARN_ABOUT_RETURN_TYPE = YES_ERROR;
				GCC_WARN_UNDECLARED_SELECTOR = YES;
				GCC_WARN_UNINITIALIZED_AUTOS = YES_AGGRESSIVE;
				GCC_WARN_UNUSED_FUNCTION = YES;
				GCC_WARN_UNUSED_VARIABLE = YES;
				IPHONEOS_DEPLOYMENT_TARGET = 16.0;
				MTL_ENABLE_DEBUG_INFO = NO;
				MTL_FAST_MATH = YES;
				SDKROOT = iphoneos;
				SWIFT_COMPILATION_MODE = wholemodule;
				SWIFT_OPTIMIZATION_LEVEL = "-O";
				TVOS_DEPLOYMENT_TARGET = 16.0;
				VALIDATE_PRODUCT = YES;
			};
			name = Release;
		};
		DC829B5D26CC286B000E446E /* Debug */ = {
			isa = XCBuildConfiguration;
			buildSettings = {
				ASSETCATALOG_COMPILER_APPICON_NAME = AppIcon;
				ASSETCATALOG_COMPILER_GLOBAL_ACCENT_COLOR_NAME = AccentColor;
				CODE_SIGN_STYLE = Automatic;
				DEVELOPMENT_ASSET_PATHS = "\"BaustelleLive/Preview Content\"";
				DEVELOPMENT_TEAM = 6BHAXG5GQ5;
				ENABLE_PREVIEWS = YES;
				INFOPLIST_FILE = BaustelleLive/Info.plist;
				IPHONEOS_DEPLOYMENT_TARGET = 16.0;
				LD_RUNPATH_SEARCH_PATHS = (
					"$(inherited)",
					"@executable_path/Frameworks",
				);
				PRODUCT_BUNDLE_IDENTIFIER = is.demont.BaustelleLive;
				PRODUCT_NAME = "$(TARGET_NAME)";
				SWIFT_VERSION = 5.0;
				TARGETED_DEVICE_FAMILY = 1;
			};
			name = Debug;
		};
		DC829B5E26CC286B000E446E /* Release */ = {
			isa = XCBuildConfiguration;
			buildSettings = {
				ASSETCATALOG_COMPILER_APPICON_NAME = AppIcon;
				ASSETCATALOG_COMPILER_GLOBAL_ACCENT_COLOR_NAME = AccentColor;
				CODE_SIGN_STYLE = Automatic;
				DEVELOPMENT_ASSET_PATHS = "\"BaustelleLive/Preview Content\"";
				DEVELOPMENT_TEAM = 6BHAXG5GQ5;
				ENABLE_PREVIEWS = YES;
				INFOPLIST_FILE = BaustelleLive/Info.plist;
				IPHONEOS_DEPLOYMENT_TARGET = 16.0;
				LD_RUNPATH_SEARCH_PATHS = (
					"$(inherited)",
					"@executable_path/Frameworks",
				);
				PRODUCT_BUNDLE_IDENTIFIER = is.demont.BaustelleLive;
				PRODUCT_NAME = "$(TARGET_NAME)";
				SWIFT_VERSION = 5.0;
				TARGETED_DEVICE_FAMILY = 1;
			};
			name = Release;
		};
/* End XCBuildConfiguration section */

/* Begin XCConfigurationList section */
		DC3A28B227F5B15000039262 /* Build configuration list for PBXNativeTarget "BaustelleLiveTV" */ = {
			isa = XCConfigurationList;
			buildConfigurations = (
				DC3A28B027F5B15000039262 /* Debug */,
				DC3A28B127F5B15000039262 /* Release */,
			);
			defaultConfigurationIsVisible = 0;
			defaultConfigurationName = Release;
		};
		DC829B4826CC2869000E446E /* Build configuration list for PBXProject "BaustelleLive" */ = {
			isa = XCConfigurationList;
			buildConfigurations = (
				DC829B5A26CC286B000E446E /* Debug */,
				DC829B5B26CC286B000E446E /* Release */,
			);
			defaultConfigurationIsVisible = 0;
			defaultConfigurationName = Release;
		};
		DC829B5C26CC286B000E446E /* Build configuration list for PBXNativeTarget "BaustelleLive" */ = {
			isa = XCConfigurationList;
			buildConfigurations = (
				DC829B5D26CC286B000E446E /* Debug */,
				DC829B5E26CC286B000E446E /* Release */,
			);
			defaultConfigurationIsVisible = 0;
			defaultConfigurationName = Release;
		};
/* End XCConfigurationList section */

/* Begin XCRemoteSwiftPackageReference section */
		DC3A287A27F4A9BB00039262 /* XCRemoteSwiftPackageReference "SDWebImage" */ = {
			isa = XCRemoteSwiftPackageReference;
			repositoryURL = "https://github.com/SDWebImage/SDWebImage";
			requirement = {
				kind = upToNextMajorVersion;
				minimumVersion = 5.0.0;
			};
		};
		DC64389126D7E27300266A1F /* XCRemoteSwiftPackageReference "DynamicColor" */ = {
			isa = XCRemoteSwiftPackageReference;
			repositoryURL = "https://github.com/yannickl/DynamicColor.git";
			requirement = {
				kind = upToNextMajorVersion;
				minimumVersion = 5.0.1;
			};
		};
		DC8C935E27F35D7400AAF4D4 /* XCRemoteSwiftPackageReference "SwiftUIX" */ = {
			isa = XCRemoteSwiftPackageReference;
			repositoryURL = "https://github.com/SwiftUIX/SwiftUIX";
			requirement = {
				kind = upToNextMajorVersion;
				minimumVersion = 0.1.3;
			};
		};
/* End XCRemoteSwiftPackageReference section */

/* Begin XCSwiftPackageProductDependency section */
		DC3A287B27F4A9BB00039262 /* SDWebImage */ = {
			isa = XCSwiftPackageProductDependency;
			package = DC3A287A27F4A9BB00039262 /* XCRemoteSwiftPackageReference "SDWebImage" */;
			productName = SDWebImage;
		};
		DC3A28B627FCDE9800039262 /* SwiftUIX */ = {
			isa = XCSwiftPackageProductDependency;
			package = DC8C935E27F35D7400AAF4D4 /* XCRemoteSwiftPackageReference "SwiftUIX" */;
			productName = SwiftUIX;
		};
		DC3A28B827FCDFE700039262 /* SDWebImage */ = {
			isa = XCSwiftPackageProductDependency;
			package = DC3A287A27F4A9BB00039262 /* XCRemoteSwiftPackageReference "SDWebImage" */;
			productName = SDWebImage;
		};
		DC3A28BA27FCDFF100039262 /* DynamicColor */ = {
			isa = XCSwiftPackageProductDependency;
			package = DC64389126D7E27300266A1F /* XCRemoteSwiftPackageReference "DynamicColor" */;
			productName = DynamicColor;
		};
		DC64389226D7E27300266A1F /* DynamicColor */ = {
			isa = XCSwiftPackageProductDependency;
			package = DC64389126D7E27300266A1F /* XCRemoteSwiftPackageReference "DynamicColor" */;
			productName = DynamicColor;
		};
		DC8C935F27F35D7400AAF4D4 /* SwiftUIX */ = {
			isa = XCSwiftPackageProductDependency;
			package = DC8C935E27F35D7400AAF4D4 /* XCRemoteSwiftPackageReference "SwiftUIX" */;
			productName = SwiftUIX;
		};
/* End XCSwiftPackageProductDependency section */
	};
	rootObject = DC829B4526CC2869000E446E /* Project object */;
}
