{
  "object": {
    "pins": [
      {
        "package": "AdvancedScrollView",
        "repositoryURL": "https://github.com/dmytro-anokhin/advanced-scrollview",
        "state": {
          "branch": null,
          "revision": "87d83354cde746751029312efdb844e0f57dc820",
          "version": "0.0.6"
        }
      },
      {
        "package": "DynamicColor",
        "repositoryURL": "https://github.com/yannickl/DynamicColor.git",
        "state": {
          "branch": null,
          "revision": "d9beca13ca85baa50ee29832d0db5129fba69630",
          "version": "5.0.1"
        }
      },
      {
        "package": "Just",
        "repositoryURL": "https://github.com/dduan/Just.git",
        "state": {
          "branch": null,
          "revision": "1824bf84cf52d11d69ae20cfb89f0ce5bffa5650",
          "version": "0.8.0"
        }
      },
      {
        "package": "URLImage",
        "repositoryURL": "https://github.com/dmytro-anokhin/url-image",
        "state": {
          "branch": null,
          "revision": "a55b6597f6ce67dfbdc136ecfb8c8436b14ca41d",
          "version": "3.1.0"
        }
      }
    ]
  },
  "version": 1
}
